
Microsoft Visual Studio Solution File, Format Version 12.00
# Visual Studio Version 17
VisualStudioVersion = 17.0.32014.148
MinimumVisualStudioVersion = 10.0.40219.1
Project("{FAE04EC0-301F-11D3-BF4B-00C04F79EFBC}") = "SimpleMathsOperations", "SimpleMathsOperations\SimpleMathsOperations.csproj", "{D6D33746-C691-48B6-99E8-E21732BD5751}"
EndProject
Project("{FAE04EC0-301F-11D3-BF4B-00C04F79EFBC}") = "MathOperations", "MathOperations\MathOperations.csproj", "{38334382-FD80-44AC-8C1C-C092FCB45E04}"
EndProject
Global
	GlobalSection(SolutionConfigurationPlatforms) = preSolution
		Debug|Any CPU = Debug|Any CPU
		Release|Any CPU = Release|Any CPU
	EndGlobalSection
	GlobalSection(ProjectConfigurationPlatforms) = postSolution
		{D6D33746-C691-48B6-99E8-E21732BD5751}.Debug|Any CPU.ActiveCfg = Debug|Any CPU
		{D6D33746-C691-48B6-99E8-E21732BD5751}.Debug|Any CPU.Build.0 = Debug|Any CPU
		{D6D33746-C691-48B6-99E8-E21732BD5751}.Release|Any CPU.ActiveCfg = Release|Any CPU
		{D6D33746-C691-48B6-99E8-E21732BD5751}.Release|Any CPU.Build.0 = Release|Any CPU
		{38334382-FD80-44AC-8C1C-C092FCB45E04}.Debug|Any CPU.ActiveCfg = Debug|Any CPU
		{38334382-FD80-44AC-8C1C-C092FCB45E04}.Debug|Any CPU.Build.0 = Debug|Any CPU
		{38334382-FD80-44AC-8C1C-C092FCB45E04}.Release|Any CPU.ActiveCfg = Release|Any CPU
		{38334382-FD80-44AC-8C1C-C092FCB45E04}.Release|Any CPU.Build.0 = Release|Any CPU
	EndGlobalSection
	GlobalSection(SolutionProperties) = preSolution
		HideSolutionNode = FALSE
	EndGlobalSection
	GlobalSection(ExtensibilityGlobals) = postSolution
		SolutionGuid = {492BFD4D-FA0A-4C3E-9D2A-7CCE8DD4D6F3}
	EndGlobalSection
EndGlobal
